{
  "name": "gatsby-starter-portfolio-emilia",
  "version": "1.0.0",
  "lockfileVersion": 1,
  "requires": true,
  "dependencies": {
    "drive-in": {
      "version": "1.5.2",
      "resolved": "https://registry.npmjs.org/drive-in/-/drive-in-1.5.2.tgz",
      "integrity": "sha1-65hmYzwsokhcjNdnPtJXLwStL/M=",
      "dev": true,
      "requires": {
        "jvent": "0.2.0"
      }
    },
    "jvent": {
      "version": "0.2.0",
      "resolved": "https://registry.npmjs.org/jvent/-/jvent-0.2.0.tgz",
      "integrity": "sha1-pI5OLcaYg/7K4EtGXY3eaR7e+HY=",
      "dev": true
    },
    "react-drive-in": {
      "version": "1.7.3",
      "resolved": "https://registry.npmjs.org/react-drive-in/-/react-drive-in-1.7.3.tgz",
      "integrity": "sha1-6wmRcB+Ymcu8u9UMf6m7b7mykpI=",
      "dev": true,
      "requires": {
        "drive-in": "1.5.2"
      }
    }
  }
}
